
Microsoft Visual Studio Solution File, Format Version 12.00
# Visual Studio Version 16
VisualStudioVersion = 16.0.31019.35
MinimumVisualStudioVersion = 10.0.40219.1
Project("{9A19103F-16F7-4668-BE54-9A1E7A4F7556}") = "List", "ConsoleApp1\List.csproj", "{59107058-B60C-41D1-A8AB-85E2BA041410}"
EndProject
Global
	GlobalSection(SolutionConfigurationPlatforms) = preSolution
		Debug|Any CPU = Debug|Any CPU
		Release|Any CPU = Release|Any CPU
	EndGlobalSection
	GlobalSection(ProjectConfigurationPlatforms) = postSolution
		{59107058-B60C-41D1-A8AB-85E2BA041410}.Debug|Any CPU.ActiveCfg = Debug|Any CPU
		{59107058-B60C-41D1-A8AB-85E2BA041410}.Debug|Any CPU.Build.0 = Debug|Any CPU
		{59107058-B60C-41D1-A8AB-85E2BA041410}.Release|Any CPU.ActiveCfg = Release|Any CPU
		{59107058-B60C-41D1-A8AB-85E2BA041410}.Release|Any CPU.Build.0 = Release|Any CPU
	EndGlobalSection
	GlobalSection(SolutionProperties) = preSolution
		HideSolutionNode = FALSE
	EndGlobalSection
	GlobalSection(ExtensibilityGlobals) = postSolution
		SolutionGuid = {FB3E0236-596E-4BD5-AD47-F4CE5C2B06FA}
	EndGlobalSection
EndGlobal
