
Microsoft Visual Studio Solution File, Format Version 12.00
# Visual Studio Version 16
VisualStudioVersion = 16.0.31019.35
MinimumVisualStudioVersion = 10.0.40219.1
Project("{FAE04EC0-301F-11D3-BF4B-00C04F79EFBC}") = "hw2_b2", "hw2_b2\hw2_b2.csproj", "{A3E2C5BE-674D-4027-94EF-7B8CDF220F62}"
EndProject
Global
	GlobalSection(SolutionConfigurationPlatforms) = preSolution
		Debug|Any CPU = Debug|Any CPU
		Release|Any CPU = Release|Any CPU
	EndGlobalSection
	GlobalSection(ProjectConfigurationPlatforms) = postSolution
		{A3E2C5BE-674D-4027-94EF-7B8CDF220F62}.Debug|Any CPU.ActiveCfg = Debug|Any CPU
		{A3E2C5BE-674D-4027-94EF-7B8CDF220F62}.Debug|Any CPU.Build.0 = Debug|Any CPU
		{A3E2C5BE-674D-4027-94EF-7B8CDF220F62}.Release|Any CPU.ActiveCfg = Release|Any CPU
		{A3E2C5BE-674D-4027-94EF-7B8CDF220F62}.Release|Any CPU.Build.0 = Release|Any CPU
	EndGlobalSection
	GlobalSection(SolutionProperties) = preSolution
		HideSolutionNode = FALSE
	EndGlobalSection
	GlobalSection(ExtensibilityGlobals) = postSolution
		SolutionGuid = {E5D01228-8F7F-48A8-B85F-983173B2369C}
	EndGlobalSection
EndGlobal
